
Microsoft Visual Studio Solution File, Format Version 12.00
# Visual Studio Version 17
VisualStudioVersion = 17.1.32210.238
MinimumVisualStudioVersion = 10.0.40219.1
Project("{FAE04EC0-301F-11D3-BF4B-00C04F79EFBC}") = "LLLAlgorithmDOTNET", "LLLAlgorithmDOTNET\LLLAlgorithmDOTNET.csproj", "{ADFB5F15-4355-4183-88EF-AB3FBDBD759D}"
EndProject
Global
	GlobalSection(SolutionConfigurationPlatforms) = preSolution
		Debug|Any CPU = Debug|Any CPU
		Release|Any CPU = Release|Any CPU
	EndGlobalSection
	GlobalSection(ProjectConfigurationPlatforms) = postSolution
		{ADFB5F15-4355-4183-88EF-AB3FBDBD759D}.Debug|Any CPU.ActiveCfg = Debug|Any CPU
		{ADFB5F15-4355-4183-88EF-AB3FBDBD759D}.Debug|Any CPU.Build.0 = Debug|Any CPU
		{ADFB5F15-4355-4183-88EF-AB3FBDBD759D}.Release|Any CPU.ActiveCfg = Release|Any CPU
		{ADFB5F15-4355-4183-88EF-AB3FBDBD759D}.Release|Any CPU.Build.0 = Release|Any CPU
	EndGlobalSection
	GlobalSection(SolutionProperties) = preSolution
		HideSolutionNode = FALSE
	EndGlobalSection
	GlobalSection(ExtensibilityGlobals) = postSolution
		SolutionGuid = {4BB9EBA5-D3B6-443D-A338-60BF35E8833B}
	EndGlobalSection
EndGlobal
